{
  "originHash" : "e4061f4573379b1f3a0d85695cf1808b756f97dab4a0b7a197ed1bde7a853e9e",
  "pins" : [
    {
      "identity" : "swift-webdriver",
      "kind" : "remoteSourceControl",
      "location" : "https://github.com/thebrowsercompany/swift-webdriver",
      "state" : {
        "branch" : "main",
        "revision" : "eb79abde86888ef086ca56c0c7ccd09a03757c2d"
      }
    }
  ],
  "version" : 3
}
